# This file is generated by running "yarn install" inside your project.
# Manual changes might be lost - proceed with caution!

__metadata:
  version: 8
  cacheKey: 10c0

"@asamuzakjp/css-color@npm:^4.0.3":
  version: 4.0.5
  resolution: "@asamuzakjp/css-color@npm:4.0.5"
  dependencies:
    "@csstools/css-calc": "npm:^2.1.4"
    "@csstools/css-color-parser": "npm:^3.1.0"
    "@csstools/css-parser-algorithms": "npm:^3.0.5"
    "@csstools/css-tokenizer": "npm:^3.0.4"
    lru-cache: "npm:^11.2.1"
  checksum: 10c0/0683266cfb58ea96c01af04d4c030f55bc51bf600a24e3fbaee74276916f588993696b874dff05d3d6742bc20a7b2f0affe9b0593d67308d18737b5f41b14a1f
  languageName: node
  linkType: hard

"@asamuzakjp/dom-selector@npm:^6.5.4":
  version: 6.6.2
  resolution: "@asamuzakjp/dom-selector@npm:6.6.2"
  dependencies:
    "@asamuzakjp/nwsapi": "npm:^2.3.9"
    bidi-js: "npm:^1.0.3"
    css-tree: "npm:^3.1.0"
    is-potential-custom-element-name: "npm:^1.0.1"
    lru-cache: "npm:^11.2.2"
  checksum: 10c0/e1c0752a94b8bd0aa7550aca6f1a4a3f53c81a7f6cea159431050f07729f83bb1e2705bee60ce8aa18302f11ea4c5260aeb8af047c78b82ba2ec2f588730ae23
  languageName: node
  linkType: hard

"@asamuzakjp/nwsapi@npm:^2.3.9":
  version: 2.3.9
  resolution: "@asamuzakjp/nwsapi@npm:2.3.9"
  checksum: 10c0/869b81382e775499c96c45c6dbe0d0766a6da04bcf0abb79f5333535c4e19946851acaa43398f896e2ecc5a1de9cf3db7cf8c4b1afac1ee3d15e21584546d74d
  languageName: node
  linkType: hard

"@csstools/color-helpers@npm:^5.1.0":
  version: 5.1.0
  resolution: "@csstools/color-helpers@npm:5.1.0"
  checksum: 10c0/b7f99d2e455cf1c9b41a67a5327d5d02888cd5c8802a68b1887dffef537d9d4bc66b3c10c1e62b40bbed638b6c1d60b85a232f904ed7b39809c4029cb36567db
  languageName: node
  linkType: hard

"@csstools/css-calc@npm:^2.1.4":
  version: 2.1.4
  resolution: "@csstools/css-calc@npm:2.1.4"
  peerDependencies:
    "@csstools/css-parser-algorithms": ^3.0.5
    "@csstools/css-tokenizer": ^3.0.4
  checksum: 10c0/42ce5793e55ec4d772083808a11e9fb2dfe36db3ec168713069a276b4c3882205b3507c4680224c28a5d35fe0bc2d308c77f8f2c39c7c09aad8747708eb8ddd8
  languageName: node
  linkType: hard

"@csstools/css-color-parser@npm:^3.1.0":
  version: 3.1.0
  resolution: "@csstools/css-color-parser@npm:3.1.0"
  dependencies:
    "@csstools/color-helpers": "npm:^5.1.0"
    "@csstools/css-calc": "npm:^2.1.4"
  peerDependencies:
    "@csstools/css-parser-algorithms": ^3.0.5
    "@csstools/css-tokenizer": ^3.0.4
  checksum: 10c0/0e0c670ad54ec8ec4d9b07568b80defd83b9482191f5e8ca84ab546b7be6db5d7cc2ba7ac9fae54488b129a4be235d6183d3aab4416fec5e89351f73af4222c5
  languageName: node
  linkType: hard

"@csstools/css-parser-algorithms@npm:^3.0.5":
  version: 3.0.5
  resolution: "@csstools/css-parser-algorithms@npm:3.0.5"
  peerDependencies:
    "@csstools/css-tokenizer": ^3.0.4
  checksum: 10c0/d9a1c888bd43849ae3437ca39251d5c95d2c8fd6b5ccdb7c45491dfd2c1cbdc3075645e80901d120e4d2c1993db9a5b2d83793b779dbbabcfb132adb142eb7f7
  languageName: node
  linkType: hard

"@csstools/css-syntax-patches-for-csstree@npm:^1.0.14":
  version: 1.0.14
  resolution: "@csstools/css-syntax-patches-for-csstree@npm:1.0.14"
  peerDependencies:
    postcss: ^8.4
  checksum: 10c0/e431cf5aa4ccd6a40f4a417663ac7178c822c5427b9c8473e466257dc46dd9698e3852d5517ec220b7d1d1ea911e9007ecb429464329ae169a0aa68b56f1c3ac
  languageName: node
  linkType: hard

"@csstools/css-tokenizer@npm:^3.0.4":
  version: 3.0.4
  resolution: "@csstools/css-tokenizer@npm:3.0.4"
  checksum: 10c0/3b589f8e9942075a642213b389bab75a2d50d05d203727fcdac6827648a5572674caff07907eff3f9a2389d86a4ee47308fafe4f8588f4a77b7167c588d2559f
  languageName: node
  linkType: hard

"agent-base@npm:^7.1.0, agent-base@npm:^7.1.2":
  version: 7.1.4
  resolution: "agent-base@npm:7.1.4"
  checksum: 10c0/c2c9ab7599692d594b6a161559ada307b7a624fa4c7b03e3afdb5a5e31cd0e53269115b620fcab024c5ac6a6f37fa5eb2e004f076ad30f5f7e6b8b671f7b35fe
  languageName: node
  linkType: hard

"bidi-js@npm:^1.0.3":
  version: 1.0.3
  resolution: "bidi-js@npm:1.0.3"
  dependencies:
    require-from-string: "npm:^2.0.2"
  checksum: 10c0/fdddea4aa4120a34285486f2267526cd9298b6e8b773ad25e765d4f104b6d7437ab4ba542e6939e3ac834a7570bcf121ee2cf6d3ae7cd7082c4b5bedc8f271e1
  languageName: node
  linkType: hard

"css-tree@npm:^3.1.0":
  version: 3.1.0
  resolution: "css-tree@npm:3.1.0"
  dependencies:
    mdn-data: "npm:2.12.2"
    source-map-js: "npm:^1.0.1"
  checksum: 10c0/b5715852c2f397c715ca00d56ec53fc83ea596295ae112eb1ba6a1bda3b31086380e596b1d8c4b980fe6da09e7d0fc99c64d5bb7313030dd0fba9c1415f30979
  languageName: node
  linkType: hard

"cssstyle@npm:^5.3.0":
  version: 5.3.1
  resolution: "cssstyle@npm:5.3.1"
  dependencies:
    "@asamuzakjp/css-color": "npm:^4.0.3"
    "@csstools/css-syntax-patches-for-csstree": "npm:^1.0.14"
    css-tree: "npm:^3.1.0"
  checksum: 10c0/41c93a6816337403f6107adb76d06989155523842a6c1c070436af13e9ff2bc72031cf469cd1d86ca1b9e1edacbe07b1c2dea5aaf5b530b982878844ba7f2b25
  languageName: node
  linkType: hard

"data-urls@npm:^6.0.0":
  version: 6.0.0
  resolution: "data-urls@npm:6.0.0"
  dependencies:
    whatwg-mimetype: "npm:^4.0.0"
    whatwg-url: "npm:^15.0.0"
  checksum: 10c0/952102a8e6282fea112f7120d79fac482a2f99e20c67f9cb069d661c00627305b042e1f7e3cef8e4bbc795b42c5d481bbc9c6effeff5bb1427f9acaf1722bd35
  languageName: node
  linkType: hard

"debug@npm:4, debug@npm:^4.3.4":
  version: 4.4.3
  resolution: "debug@npm:4.4.3"
  dependencies:
    ms: "npm:^2.1.3"
  peerDependenciesMeta:
    supports-color:
      optional: true
  checksum: 10c0/d79136ec6c83ecbefd0f6a5593da6a9c91ec4d7ddc4b54c883d6e71ec9accb5f67a1a5e96d00a328196b5b5c86d365e98d8a3a70856aaf16b4e7b1985e67f5a6
  languageName: node
  linkType: hard

"decimal.js@npm:^10.5.0":
  version: 10.6.0
  resolution: "decimal.js@npm:10.6.0"
  checksum: 10c0/07d69fbcc54167a340d2d97de95f546f9ff1f69d2b45a02fd7a5292412df3cd9eb7e23065e532a318f5474a2e1bccf8392fdf0443ef467f97f3bf8cb0477e5aa
  languageName: node
  linkType: hard

"entities@npm:^6.0.0":
  version: 6.0.1
  resolution: "entities@npm:6.0.1"
  checksum: 10c0/ed836ddac5acb34341094eb495185d527bd70e8632b6c0d59548cbfa23defdbae70b96f9a405c82904efa421230b5b3fd2283752447d737beffd3f3e6ee74414
  languageName: node
  linkType: hard

"html-encoding-sniffer@npm:^4.0.0":
  version: 4.0.0
  resolution: "html-encoding-sniffer@npm:4.0.0"
  dependencies:
    whatwg-encoding: "npm:^3.1.1"
  checksum: 10c0/523398055dc61ac9b34718a719cb4aa691e4166f29187e211e1607de63dc25ac7af52ca7c9aead0c4b3c0415ffecb17326396e1202e2e86ff4bca4c0ee4c6140
  languageName: node
  linkType: hard

"http-proxy-agent@npm:^7.0.2":
  version: 7.0.2
  resolution: "http-proxy-agent@npm:7.0.2"
  dependencies:
    agent-base: "npm:^7.1.0"
    debug: "npm:^4.3.4"
  checksum: 10c0/4207b06a4580fb85dd6dff521f0abf6db517489e70863dca1a0291daa7f2d3d2d6015a57bd702af068ea5cf9f1f6ff72314f5f5b4228d299c0904135d2aef921
  languageName: node
  linkType: hard

"https-proxy-agent@npm:^7.0.6":
  version: 7.0.6
  resolution: "https-proxy-agent@npm:7.0.6"
  dependencies:
    agent-base: "npm:^7.1.2"
    debug: "npm:4"
  checksum: 10c0/f729219bc735edb621fa30e6e84e60ee5d00802b8247aac0d7b79b0bd6d4b3294737a337b93b86a0bd9e68099d031858a39260c976dc14cdbba238ba1f8779ac
  languageName: node
  linkType: hard

"iconv-lite@npm:0.6.3":
  version: 0.6.3
  resolution: "iconv-lite@npm:0.6.3"
  dependencies:
    safer-buffer: "npm:>= 2.1.2 < 3.0.0"
  checksum: 10c0/98102bc66b33fcf5ac044099d1257ba0b7ad5e3ccd3221f34dd508ab4070edff183276221684e1e0555b145fce0850c9f7d2b60a9fcac50fbb4ea0d6e845a3b1
  languageName: node
  linkType: hard

"is-potential-custom-element-name@npm:^1.0.1":
  version: 1.0.1
  resolution: "is-potential-custom-element-name@npm:1.0.1"
  checksum: 10c0/b73e2f22bc863b0939941d369486d308b43d7aef1f9439705e3582bfccaa4516406865e32c968a35f97a99396dac84e2624e67b0a16b0a15086a785e16ce7db9
  languageName: node
  linkType: hard

"jsdom@npm:^27.0.0":
  version: 27.0.0
  resolution: "jsdom@npm:27.0.0"
  dependencies:
    "@asamuzakjp/dom-selector": "npm:^6.5.4"
    cssstyle: "npm:^5.3.0"
    data-urls: "npm:^6.0.0"
    decimal.js: "npm:^10.5.0"
    html-encoding-sniffer: "npm:^4.0.0"
    http-proxy-agent: "npm:^7.0.2"
    https-proxy-agent: "npm:^7.0.6"
    is-potential-custom-element-name: "npm:^1.0.1"
    parse5: "npm:^7.3.0"
    rrweb-cssom: "npm:^0.8.0"
    saxes: "npm:^6.0.0"
    symbol-tree: "npm:^3.2.4"
    tough-cookie: "npm:^6.0.0"
    w3c-xmlserializer: "npm:^5.0.0"
    webidl-conversions: "npm:^8.0.0"
    whatwg-encoding: "npm:^3.1.1"
    whatwg-mimetype: "npm:^4.0.0"
    whatwg-url: "npm:^15.0.0"
    ws: "npm:^8.18.2"
    xml-name-validator: "npm:^5.0.0"
  peerDependencies:
    canvas: ^3.0.0
  peerDependenciesMeta:
    canvas:
      optional: true
  checksum: 10c0/cc977bd0f48f92b275166b3e64622d83c2073dc309b790ed806246365985743295a7735bc8519a186ccffd42d1f2c16a0fa52a4ea79d2b329a948756db64ade1
  languageName: node
  linkType: hard

"lodash.sortby@npm:^4.7.0":
  version: 4.7.0
  resolution: "lodash.sortby@npm:4.7.0"
  checksum: 10c0/fc48fb54ff7669f33bb32997cab9460757ee99fafaf72400b261c3e10fde21538e47d8cfcbe6a25a31bcb5b7b727c27d52626386fc2de24eb059a6d64a89cdf5
  languageName: node
  linkType: hard

"lru-cache@npm:^11.2.1, lru-cache@npm:^11.2.2":
  version: 11.2.2
  resolution: "lru-cache@npm:11.2.2"
  checksum: 10c0/72d7831bbebc85e2bdefe01047ee5584db69d641c48d7a509e86f66f6ee111b30af7ec3bd68a967d47b69a4b1fa8bbf3872630bd06a63b6735e6f0a5f1c8e83d
  languageName: node
  linkType: hard

"mdn-data@npm:2.12.2":
  version: 2.12.2
  resolution: "mdn-data@npm:2.12.2"
  checksum: 10c0/b22443b71d70f72ccc3c6ba1608035431a8fc18c3c8fc53523f06d20e05c2ac10f9b53092759a2ca85cf02f0d37036f310b581ce03e7b99ac74d388ef8152ade
  languageName: node
  linkType: hard

"ms@npm:^2.1.3":
  version: 2.1.3
  resolution: "ms@npm:2.1.3"
  checksum: 10c0/d924b57e7312b3b63ad21fc5b3dc0af5e78d61a1fc7cfb5457edaf26326bf62be5307cc87ffb6862ef1c2b33b0233cdb5d4f01c4c958cc0d660948b65a287a48
  languageName: node
  linkType: hard

"parse5@npm:^7.3.0":
  version: 7.3.0
  resolution: "parse5@npm:7.3.0"
  dependencies:
    entities: "npm:^6.0.0"
  checksum: 10c0/7fd2e4e247e85241d6f2a464d0085eed599a26d7b0a5233790c49f53473232eb85350e8133344d9b3fd58b89339e7ad7270fe1f89d28abe50674ec97b87f80b5
  languageName: node
  linkType: hard

"punycode@npm:^2.3.1":
  version: 2.3.1
  resolution: "punycode@npm:2.3.1"
  checksum: 10c0/14f76a8206bc3464f794fb2e3d3cc665ae416c01893ad7a02b23766eb07159144ee612ad67af5e84fa4479ccfe67678c4feb126b0485651b302babf66f04f9e9
  languageName: node
  linkType: hard

"require-from-string@npm:^2.0.2":
  version: 2.0.2
  resolution: "require-from-string@npm:2.0.2"
  checksum: 10c0/aaa267e0c5b022fc5fd4eef49d8285086b15f2a1c54b28240fdf03599cbd9c26049fee3eab894f2e1f6ca65e513b030a7c264201e3f005601e80c49fb2937ce2
  languageName: node
  linkType: hard

"rrweb-cssom@npm:^0.8.0":
  version: 0.8.0
  resolution: "rrweb-cssom@npm:0.8.0"
  checksum: 10c0/56f2bfd56733adb92c0b56e274c43f864b8dd48784d6fe946ef5ff8d438234015e59ad837fc2ad54714b6421384141c1add4eb569e72054e350d1f8a50b8ac7b
  languageName: node
  linkType: hard

"safer-buffer@npm:>= 2.1.2 < 3.0.0":
  version: 2.1.2
  resolution: "safer-buffer@npm:2.1.2"
  checksum: 10c0/7e3c8b2e88a1841c9671094bbaeebd94448111dd90a81a1f606f3f67708a6ec57763b3b47f06da09fc6054193e0e6709e77325415dc8422b04497a8070fa02d4
  languageName: node
  linkType: hard

"saxes@npm:^6.0.0":
  version: 6.0.0
  resolution: "saxes@npm:6.0.0"
  dependencies:
    xmlchars: "npm:^2.2.0"
  checksum: 10c0/3847b839f060ef3476eb8623d099aa502ad658f5c40fd60c105ebce86d244389b0d76fcae30f4d0c728d7705ceb2f7e9b34bb54717b6a7dbedaf5dad2d9a4b74
  languageName: node
  linkType: hard

"slugify@npm:^1.6.6":
  version: 1.6.6
  resolution: "slugify@npm:1.6.6"
  checksum: 10c0/e7e63f08f389a371d6228bc19d64ec84360bf0a538333446cc49dbbf3971751a6d180d2f31551188dd007a65ca771e69f574e0283290a7825a818e90b75ef44d
  languageName: node
  linkType: hard

"soaring-symbols@workspace:.":
  version: 0.0.0-use.local
  resolution: "soaring-symbols@workspace:."
  dependencies:
    jsdom: "npm:^27.0.0"
    lodash.sortby: "npm:^4.7.0"
    slugify: "npm:^1.6.6"
  languageName: unknown
  linkType: soft

"source-map-js@npm:^1.0.1":
  version: 1.2.1
  resolution: "source-map-js@npm:1.2.1"
  checksum: 10c0/7bda1fc4c197e3c6ff17de1b8b2c20e60af81b63a52cb32ec5a5d67a20a7d42651e2cb34ebe93833c5a2a084377e17455854fee3e21e7925c64a51b6a52b0faf
  languageName: node
  linkType: hard

"symbol-tree@npm:^3.2.4":
  version: 3.2.4
  resolution: "symbol-tree@npm:3.2.4"
  checksum: 10c0/dfbe201ae09ac6053d163578778c53aa860a784147ecf95705de0cd23f42c851e1be7889241495e95c37cabb058edb1052f141387bef68f705afc8f9dd358509
  languageName: node
  linkType: hard

"tldts-core@npm:^7.0.17":
  version: 7.0.17
  resolution: "tldts-core@npm:7.0.17"
  checksum: 10c0/39dd6f5852f241c88391dc462dd236fa8241309a76dbf2486afdba0f172358260b16b98c126d1d06e1d9ee9015d83448ed7c4e2885e5e5c06c368f6503bb6a97
  languageName: node
  linkType: hard

"tldts@npm:^7.0.5":
  version: 7.0.17
  resolution: "tldts@npm:7.0.17"
  dependencies:
    tldts-core: "npm:^7.0.17"
  bin:
    tldts: bin/cli.js
  checksum: 10c0/0ef2a40058a11c27a5b310489009002e57cd0789c2cf383c04ecf808e1523d442d9d9688ac0337c64b261609478b7fd85ddcd692976c8f763747a5e1c7c1c451
  languageName: node
  linkType: hard

"tough-cookie@npm:^6.0.0":
  version: 6.0.0
  resolution: "tough-cookie@npm:6.0.0"
  dependencies:
    tldts: "npm:^7.0.5"
  checksum: 10c0/7b17a461e9c2ac0d0bea13ab57b93b4346d0b8c00db174c963af1e46e4ea8d04148d2a55f2358fc857db0c0c65208a98e319d0c60693e32e0c559a9d9cf20cb5
  languageName: node
  linkType: hard

"tr46@npm:^6.0.0":
  version: 6.0.0
  resolution: "tr46@npm:6.0.0"
  dependencies:
    punycode: "npm:^2.3.1"
  checksum: 10c0/83130df2f649228aa91c17754b66248030a3af34911d713b5ea417066fa338aa4bc8668d06bd98aa21a2210f43fc0a3db8b9099e7747fb5830e40e39a6a1058e
  languageName: node
  linkType: hard

"w3c-xmlserializer@npm:^5.0.0":
  version: 5.0.0
  resolution: "w3c-xmlserializer@npm:5.0.0"
  dependencies:
    xml-name-validator: "npm:^5.0.0"
  checksum: 10c0/8712774c1aeb62dec22928bf1cdfd11426c2c9383a1a63f2bcae18db87ca574165a0fbe96b312b73652149167ac6c7f4cf5409f2eb101d9c805efe0e4bae798b
  languageName: node
  linkType: hard

"webidl-conversions@npm:^8.0.0":
  version: 8.0.0
  resolution: "webidl-conversions@npm:8.0.0"
  checksum: 10c0/3244e8a6534163bc3ee5f5f48b507b4bb74e34e7cc7c86a50cd02734753042b88343dae48321f34ad61ddc6b5c90cb1a5b2ee757b8be8e6fadc587a9f3db76cd
  languageName: node
  linkType: hard

"whatwg-encoding@npm:^3.1.1":
  version: 3.1.1
  resolution: "whatwg-encoding@npm:3.1.1"
  dependencies:
    iconv-lite: "npm:0.6.3"
  checksum: 10c0/273b5f441c2f7fda3368a496c3009edbaa5e43b71b09728f90425e7f487e5cef9eb2b846a31bd760dd8077739c26faf6b5ca43a5f24033172b003b72cf61a93e
  languageName: node
  linkType: hard

"whatwg-mimetype@npm:^4.0.0":
  version: 4.0.0
  resolution: "whatwg-mimetype@npm:4.0.0"
  checksum: 10c0/a773cdc8126b514d790bdae7052e8bf242970cebd84af62fb2f35a33411e78e981f6c0ab9ed1fe6ec5071b09d5340ac9178e05b52d35a9c4bcf558ba1b1551df
  languageName: node
  linkType: hard

"whatwg-url@npm:^15.0.0":
  version: 15.1.0
  resolution: "whatwg-url@npm:15.1.0"
  dependencies:
    tr46: "npm:^6.0.0"
    webidl-conversions: "npm:^8.0.0"
  checksum: 10c0/40c49b47044787c87486aaaa5b504da122820661c45ae20ab466c62595ed03c64be7c10c1d180d028949a393cd455db14144966a68359cd37fe6417e3426d128
  languageName: node
  linkType: hard

"ws@npm:^8.18.2":
  version: 8.18.3
  resolution: "ws@npm:8.18.3"
  peerDependencies:
    bufferutil: ^4.0.1
    utf-8-validate: ">=5.0.2"
  peerDependenciesMeta:
    bufferutil:
      optional: true
    utf-8-validate:
      optional: true
  checksum: 10c0/eac918213de265ef7cb3d4ca348b891a51a520d839aa51cdb8ca93d4fa7ff9f6ccb339ccee89e4075324097f0a55157c89fa3f7147bde9d8d7e90335dc087b53
  languageName: node
  linkType: hard

"xml-name-validator@npm:^5.0.0":
  version: 5.0.0
  resolution: "xml-name-validator@npm:5.0.0"
  checksum: 10c0/3fcf44e7b73fb18be917fdd4ccffff3639373c7cb83f8fc35df6001fecba7942f1dbead29d91ebb8315e2f2ff786b508f0c9dc0215b6353f9983c6b7d62cb1f5
  languageName: node
  linkType: hard

"xmlchars@npm:^2.2.0":
  version: 2.2.0
  resolution: "xmlchars@npm:2.2.0"
  checksum: 10c0/b64b535861a6f310c5d9bfa10834cf49127c71922c297da9d4d1b45eeaae40bf9b4363275876088fbe2667e5db028d2cd4f8ee72eed9bede840a67d57dab7593
  languageName: node
  linkType: hard
