# This file is generated by running "yarn install" inside your project.
# Manual changes might be lost - proceed with caution!

__metadata:
  version: 8
  cacheKey: 10c0

"lodash.sortby@npm:^4.7.0":
  version: 4.7.0
  resolution: "lodash.sortby@npm:4.7.0"
  checksum: 10c0/fc48fb54ff7669f33bb32997cab9460757ee99fafaf72400b261c3e10fde21538e47d8cfcbe6a25a31bcb5b7b727c27d52626386fc2de24eb059a6d64a89cdf5
  languageName: node
  linkType: hard

"slugify@npm:^1.6.6":
  version: 1.6.6
  resolution: "slugify@npm:1.6.6"
  checksum: 10c0/e7e63f08f389a371d6228bc19d64ec84360bf0a538333446cc49dbbf3971751a6d180d2f31551188dd007a65ca771e69f574e0283290a7825a818e90b75ef44d
  languageName: node
  linkType: hard

"soaring-symbols@workspace:.":
  version: 0.0.0-use.local
  resolution: "soaring-symbols@workspace:."
  dependencies:
    lodash.sortby: "npm:^4.7.0"
    slugify: "npm:^1.6.6"
  languageName: unknown
  linkType: soft
